
Microsoft Visual Studio Solution File, Format Version 12.00
# Visual Studio Version 17
VisualStudioVersion = 17.1.32210.238
MinimumVisualStudioVersion = 10.0.40219.1
Project("{FAE04EC0-301F-11D3-BF4B-00C04F79EFBC}") = "Inventar_Dedicnost", "Inventar_Dedicnost\Inventar_Dedicnost.csproj", "{84C05DB0-8318-42E0-B47F-497E110CBC0C}"
EndProject
Global
	GlobalSection(SolutionConfigurationPlatforms) = preSolution
		Debug|Any CPU = Debug|Any CPU
		Release|Any CPU = Release|Any CPU
	EndGlobalSection
	GlobalSection(ProjectConfigurationPlatforms) = postSolution
		{84C05DB0-8318-42E0-B47F-497E110CBC0C}.Debug|Any CPU.ActiveCfg = Debug|Any CPU
		{84C05DB0-8318-42E0-B47F-497E110CBC0C}.Debug|Any CPU.Build.0 = Debug|Any CPU
		{84C05DB0-8318-42E0-B47F-497E110CBC0C}.Release|Any CPU.ActiveCfg = Release|Any CPU
		{84C05DB0-8318-42E0-B47F-497E110CBC0C}.Release|Any CPU.Build.0 = Release|Any CPU
	EndGlobalSection
	GlobalSection(SolutionProperties) = preSolution
		HideSolutionNode = FALSE
	EndGlobalSection
	GlobalSection(ExtensibilityGlobals) = postSolution
		SolutionGuid = {CC317B20-FEC2-4C41-9742-92D78A1E7696}
	EndGlobalSection
EndGlobal
